Microsoft Visual Studio Solution File, Format Version 12.00
# Visual Studio Version 17
VisualStudioVersion = 17.8.34330.188
MinimumVisualStudioVersion = 10.0.40219.1
Project("{9A19103F-16F7-4668-BE54-9A1E7A4F7556}") = "ClinicalPatientManagement.Api", "ClinicalPatientManagement.Api\ClinicalPatientManagement.Api.csproj", "{3FA9E1A8-3B1E-4F5C-A6D0-3B5E8C9F1A2B}"
EndProject
Project("{9A19103F-16F7-4668-BE54-9A1E7A4F7556}") = "ClinicalPatientManagement.Client", "ClinicalPatientManagement.Client\ClinicalPatientManagement.Client.csproj", "{4FB9E1A8-3B1E-4F5C-A6D0-3B5E8C9F1A2C}"
EndProject
Project("{9A19103F-16F7-4668-BE54-9A1E7A4F7556}") = "ClinicalPatientManagement.Api.Tests", "ClinicalPatientManagement.Api.Tests\ClinicalPatientManagement.Api.Tests.csproj", "{5FC9E1A8-3B1E-4F5C-A6D0-3B5E8C9F1A2D}"
EndProject
Global
	GlobalSection(SolutionConfigurationPlatforms) = preSolution
		Debug|Any CPU = Debug|Any CPU
		Release|Any CPU = Release|Any CPU
	EndGlobalSection
	GlobalSection(ProjectConfigurationPlatforms) = postSolution
		{3FA9E1A8-3B1E-4F5C-A6D0-3B5E8C9F1A2B}.Debug|Any CPU.ActiveCfg = Debug|Any CPU
		{3FA9E1A8-3B1E-4F5C-A6D0-3B5E8C9F1A2B}.Debug|Any CPU.Build.0 = Debug|Any CPU
		{3FA9E1A8-3B1E-4F5C-A6D0-3B5E8C9F1A2B}.Release|Any CPU.ActiveCfg = Release|Any CPU
		{3FA9E1A8-3B1E-4F5C-A6D0-3B5E8C9F1A2B}.Release|Any CPU.Build.0 = Release|Any CPU
		{4FB9E1A8-3B1E-4F5C-A6D0-3B5E8C9F1A2C}.Debug|Any CPU.ActiveCfg = Debug|Any CPU
		{4FB9E1A8-3B1E-4F5C-A6D0-3B5E8C9F1A2C}.Debug|Any CPU.Build.0 = Debug|Any CPU
		{4FB9E1A8-3B1E-4F5C-A6D0-3B5E8C9F1A2C}.Release|Any CPU.ActiveCfg = Release|Any CPU
		{4FB9E1A8-3B1E-4F5C-A6D0-3B5E8C9F1A2C}.Release|Any CPU.Build.0 = Release|Any CPU
		{5FC9E1A8-3B1E-4F5C-A6D0-3B5E8C9F1A2D}.Debug|Any CPU.ActiveCfg = Debug|Any CPU
		{5FC9E1A8-3B1E-4F5C-A6D0-3B5E8C9F1A2D}.Debug|Any CPU.Build.0 = Debug|Any CPU
		{5FC9E1A8-3B1E-4F5C-A6D0-3B5E8C9F1A2D}.Release|Any CPU.ActiveCfg = Release|Any CPU
		{5FC9E1A8-3B1E-4F5C-A6D0-3B5E8C9F1A2D}.Release|Any CPU.Build.0 = Release|Any CPU
	EndGlobalSection
EndGlobal
